// !$*UTF8*$!
{
	archiveVersion = 1;
	classes = {
	};
	objectVersion = 56;
	objects = {

/* Begin PBXBuildFile section */
		EC64F4022996A43D00DB00B9 /* gameTests.swift in Sources */ = {isa = PBXBuildFile; fileRef = EC64F4012996A43D00DB00B9 /* gameTests.swift */; };
		EC79348E29918F99001E8552 /* boardTests.swift in Sources */ = {isa = PBXBuildFile; fileRef = EC79348D29918F99001E8552 /* boardTests.swift */; };
		ECAE79652979433A00CD2206 /* Model in Frameworks */ = {isa = PBXBuildFile; productRef = ECAE79642979433A00CD2206 /* Model */; };
		ECCAC3DA297819A6007AABC6 /* main.swift in Sources */ = {isa = PBXBuildFile; fileRef = ECCAC3D9297819A6007AABC6 /* main.swift */; };
/* End PBXBuildFile section */

/* Begin PBXCopyFilesBuildPhase section */
		ECCAC3D4297819A6007AABC6 /* CopyFiles */ = {
			isa = PBXCopyFilesBuildPhase;
			buildActionMask = 2147483647;
			dstPath = /usr/share/man/man1/;
			dstSubfolderSpec = 0;
			files = (
			);
			runOnlyForDeploymentPostprocessing = 1;
		};
/* End PBXCopyFilesBuildPhase section */

/* Begin PBXFileReference section */
		EC64F4012996A43D00DB00B9 /* gameTests.swift */ = {isa = PBXFileReference; lastKnownFileType = sourcecode.swift; path = gameTests.swift; sourceTree = "<group>"; };
		EC79348D29918F99001E8552 /* boardTests.swift */ = {isa = PBXFileReference; lastKnownFileType = sourcecode.swift; path = boardTests.swift; sourceTree = "<group>"; };
		ECCAC3D6297819A6007AABC6 /* ConsoleApp */ = {isa = PBXFileReference; explicitFileType = "compiled.mach-o.executable"; includeInIndex = 0; path = ConsoleApp; sourceTree = BUILT_PRODUCTS_DIR; };
		ECCAC3D9297819A6007AABC6 /* main.swift */ = {isa = PBXFileReference; lastKnownFileType = sourcecode.swift; path = main.swift; sourceTree = "<group>"; };
/* End PBXFileReference section */

/* Begin PBXFrameworksBuildPhase section */
		ECCAC3D3297819A6007AABC6 /* Frameworks */ = {
			isa = PBXFrameworksBuildPhase;
			buildActionMask = 2147483647;
			files = (
				ECAE79652979433A00CD2206 /* Model in Frameworks */,
			);
			runOnlyForDeploymentPostprocessing = 0;
		};
/* End PBXFrameworksBuildPhase section */

/* Begin PBXGroup section */
		ECAE7961297942E700CD2206 /* Frameworks */ = {
			isa = PBXGroup;
			children = (
			);
			name = Frameworks;
			sourceTree = "<group>";
		};
		ECCAC3CD297819A6007AABC6 = {
			isa = PBXGroup;
			children = (
				ECCAC3D8297819A6007AABC6 /* ConsoleApp */,
				ECCAC3D7297819A6007AABC6 /* Products */,
				ECAE7961297942E700CD2206 /* Frameworks */,
			);
			sourceTree = "<group>";
		};
		ECCAC3D7297819A6007AABC6 /* Products */ = {
			isa = PBXGroup;
			children = (
				ECCAC3D6297819A6007AABC6 /* ConsoleApp */,
			);
			name = Products;
			sourceTree = "<group>";
		};
		ECCAC3D8297819A6007AABC6 /* ConsoleApp */ = {
			isa = PBXGroup;
			children = (
				ECCAC3D9297819A6007AABC6 /* main.swift */,
				EC79348D29918F99001E8552 /* boardTests.swift */,
				EC64F4012996A43D00DB00B9 /* gameTests.swift */,
			);
			path = ConsoleApp;
			sourceTree = "<group>";
		};
/* End PBXGroup section */

/* Begin PBXNativeTarget section */
		ECCAC3D5297819A6007AABC6 /* ConsoleApp */ = {
			isa = PBXNativeTarget;
			buildConfigurationList = ECCAC3DD297819A6007AABC6 /* Build configuration list for PBXNativeTarget "ConsoleApp" */;
			buildPhases = (
				ECCAC3D2297819A6007AABC6 /* Sources */,
				ECCAC3D3297819A6007AABC6 /* Frameworks */,
				ECCAC3D4297819A6007AABC6 /* CopyFiles */,
			);
			buildRules = (
			);
			dependencies = (
			);
			name = ConsoleApp;
			packageProductDependencies = (
				ECAE79642979433A00CD2206 /* Model */,
			);
			productName = ConsoleApp;
			productReference = ECCAC3D6297819A6007AABC6 /* ConsoleApp */;
			productType = "com.apple.product-type.tool";
		};
/* End PBXNativeTarget section */

/* Begin PBXProject section */
		ECCAC3CE297819A6007AABC6 /* Project object */ = {
			isa = PBXProject;
			attributes = {
				BuildIndependentTargetsInParallel = 1;
				LastSwiftUpdateCheck = 1410;
				LastUpgradeCheck = 1410;
				TargetAttributes = {
					ECCAC3D5297819A6007AABC6 = {
						CreatedOnToolsVersion = 14.1;
					};
				};
			};
			buildConfigurationList = ECCAC3D1297819A6007AABC6 /* Build configuration list for PBXProject "ConsoleApp" */;
			compatibilityVersion = "Xcode 14.0";
			developmentRegion = en;
			hasScannedForEncodings = 0;
			knownRegions = (
				en,
				Base,
			);
			mainGroup = ECCAC3CD297819A6007AABC6;
			productRefGroup = ECCAC3D7297819A6007AABC6 /* Products */;
			projectDirPath = "";
			projectRoot = "";
			targets = (
				ECCAC3D5297819A6007AABC6 /* ConsoleApp */,
			);
		};
/* End PBXProject section */

/* Begin PBXSourcesBuildPhase section */
		ECCAC3D2297819A6007AABC6 /* Sources */ = {
			isa = PBXSourcesBuildPhase;
			buildActionMask = 2147483647;
			files = (
				EC79348E29918F99001E8552 /* boardTests.swift in Sources */,
				EC64F4022996A43D00DB00B9 /* gameTests.swift in Sources */,
				ECCAC3DA297819A6007AABC6 /* main.swift in Sources */,
			);
			runOnlyForDeploymentPostprocessing = 0;
		};
/* End PBXSourcesBuildPhase section */

/* Begin XCBuildConfiguration section */
		ECCAC3DB297819A6007AABC6 /* Debug */ = {
			isa = XCBuildConfiguration;
			buildSettings = {
				ALWAYS_SEARCH_USER_PATHS = NO;
				CLANG_ANALYZER_NONNULL = YES;
				CLANG_ANALYZER_NUMBER_OBJECT_CONVERSION = YES_AGGRESSIVE;
				CLANG_CXX_LANGUAGE_STANDARD = "gnu++20";
				CLANG_ENABLE_MODULES = YES;
				CLANG_ENABLE_OBJC_ARC = YES;
				CLANG_ENABLE_OBJC_WEAK = YES;
				CLANG_WARN_BLOCK_CAPTURE_AUTORELEASING = YES;
				CLANG_WARN_BOOL_CONVERSION = YES;
				CLANG_WARN_COMMA = YES;
				CLANG_WARN_CONSTANT_CONVERSION = YES;
				CLANG_WARN_DEPRECATED_OBJC_IMPLEMENTATIONS = YES;
				CLANG_WARN_DIRECT_OBJC_ISA_USAGE = YES_ERROR;
				CLANG_WARN_DOCUMENTATION_COMMENTS = YES;
				CLANG_WARN_EMPTY_BODY = YES;
				CLANG_WARN_ENUM_CONVERSION = YES;
				CLANG_WARN_INFINITE_RECURSION = YES;
				CLANG_WARN_INT_CONVERSION = YES;
				CLANG_WARN_NON_LITERAL_NULL_CONVERSION = YES;
				CLANG_WARN_OBJC_IMPLICIT_RETAIN_SELF = YES;
				CLANG_WARN_OBJC_LITERAL_CONVERSION = YES;
				CLANG_WARN_OBJC_ROOT_CLASS = YES_ERROR;
				CLANG_WARN_QUOTED_INCLUDE_IN_FRAMEWORK_HEADER = YES;
				CLANG_WARN_RANGE_LOOP_ANALYSIS = YES;
				CLANG_WARN_STRICT_PROTOTYPES = YES;
				CLANG_WARN_SUSPICIOUS_MOVE = YES;
				CLANG_WARN_UNGUARDED_AVAILABILITY = YES_AGGRESSIVE;
				CLANG_WARN_UNREACHABLE_CODE = YES;
				CLANG_WARN__DUPLICATE_METHOD_MATCH = YES;
				COPY_PHASE_STRIP = NO;
				DEBUG_INFORMATION_FORMAT = dwarf;
				ENABLE_STRICT_OBJC_MSGSEND = YES;
				ENABLE_TESTABILITY = YES;
				GCC_C_LANGUAGE_STANDARD = gnu11;
				GCC_DYNAMIC_NO_PIC = NO;
				GCC_NO_COMMON_BLOCKS = YES;
				GCC_OPTIMIZATION_LEVEL = 0;
				GCC_PREPROCESSOR_DEFINITIONS = (
					"DEBUG=1",
					"$(inherited)",
				);
				GCC_WARN_64_TO_32_BIT_CONVERSION = YES;
				GCC_WARN_ABOUT_RETURN_TYPE = YES_ERROR;
				GCC_WARN_UNDECLARED_SELECTOR = YES;
				GCC_WARN_UNINITIALIZED_AUTOS = YES_AGGRESSIVE;
				GCC_WARN_UNUSED_FUNCTION = YES;
				GCC_WARN_UNUSED_VARIABLE = YES;
				MACOSX_DEPLOYMENT_TARGET = 13.0;
				MTL_ENABLE_DEBUG_INFO = INCLUDE_SOURCE;
				MTL_FAST_MATH = YES;
				ONLY_ACTIVE_ARCH = YES;
				SDKROOT = macosx;
				SWIFT_ACTIVE_COMPILATION_CONDITIONS = DEBUG;
				SWIFT_OPTIMIZATION_LEVEL = "-Onone";
			};
			name = Debug;
		};
		ECCAC3DC297819A6007AABC6 /* Release */ = {
			isa = XCBuildConfiguration;
			buildSettings = {
				ALWAYS_SEARCH_USER_PATHS = NO;
				CLANG_ANALYZER_NONNULL = YES;
				CLANG_ANALYZER_NUMBER_OBJECT_CONVERSION = YES_AGGRESSIVE;
				CLANG_CXX_LANGUAGE_STANDARD = "gnu++20";
				CLANG_ENABLE_MODULES = YES;
				CLANG_ENABLE_OBJC_ARC = YES;
				CLANG_ENABLE_OBJC_WEAK = YES;
				CLANG_WARN_BLOCK_CAPTURE_AUTORELEASING = YES;
				CLANG_WARN_BOOL_CONVERSION = YES;
				CLANG_WARN_COMMA = YES;
				CLANG_WARN_CONSTANT_CONVERSION = YES;
				CLANG_WARN_DEPRECATED_OBJC_IMPLEMENTATIONS = YES;
				CLANG_WARN_DIRECT_OBJC_ISA_USAGE = YES_ERROR;
				CLANG_WARN_DOCUMENTATION_COMMENTS = YES;
				CLANG_WARN_EMPTY_BODY = YES;
				CLANG_WARN_ENUM_CONVERSION = YES;
				CLANG_WARN_INFINITE_RECURSION = YES;
				CLANG_WARN_INT_CONVERSION = YES;
				CLANG_WARN_NON_LITERAL_NULL_CONVERSION = YES;
				CLANG_WARN_OBJC_IMPLICIT_RETAIN_SELF = YES;
				CLANG_WARN_OBJC_LITERAL_CONVERSION = YES;
				CLANG_WARN_OBJC_ROOT_CLASS = YES_ERROR;
				CLANG_WARN_QUOTED_INCLUDE_IN_FRAMEWORK_HEADER = YES;
				CLANG_WARN_RANGE_LOOP_ANALYSIS = YES;
				CLANG_WARN_STRICT_PROTOTYPES = YES;
				CLANG_WARN_SUSPICIOUS_MOVE = YES;
				CLANG_WARN_UNGUARDED_AVAILABILITY = YES_AGGRESSIVE;
				CLANG_WARN_UNREACHABLE_CODE = YES;
				CLANG_WARN__DUPLICATE_METHOD_MATCH = YES;
				COPY_PHASE_STRIP = NO;
				DEBUG_INFORMATION_FORMAT = "dwarf-with-dsym";
				ENABLE_NS_ASSERTIONS = NO;
				ENABLE_STRICT_OBJC_MSGSEND = YES;
				GCC_C_LANGUAGE_STANDARD = gnu11;
				GCC_NO_COMMON_BLOCKS = YES;
				GCC_WARN_64_TO_32_BIT_CONVERSION = YES;
				GCC_WARN_ABOUT_RETURN_TYPE = YES_ERROR;
				GCC_WARN_UNDECLARED_SELECTOR = YES;
				GCC_WARN_UNINITIALIZED_AUTOS = YES_AGGRESSIVE;
				GCC_WARN_UNUSED_FUNCTION = YES;
				GCC_WARN_UNUSED_VARIABLE = YES;
				MACOSX_DEPLOYMENT_TARGET = 13.0;
				MTL_ENABLE_DEBUG_INFO = NO;
				MTL_FAST_MATH = YES;
				SDKROOT = macosx;
				SWIFT_COMPILATION_MODE = wholemodule;
				SWIFT_OPTIMIZATION_LEVEL = "-O";
			};
			name = Release;
		};
		ECCAC3DE297819A6007AABC6 /* Debug */ = {
			isa = XCBuildConfiguration;
			buildSettings = {
				CODE_SIGN_STYLE = Automatic;
				PRODUCT_NAME = "$(TARGET_NAME)";
				SWIFT_VERSION = 5.0;
			};
			name = Debug;
		};
		ECCAC3DF297819A6007AABC6 /* Release */ = {
			isa = XCBuildConfiguration;
			buildSettings = {
				CODE_SIGN_STYLE = Automatic;
				PRODUCT_NAME = "$(TARGET_NAME)";
				SWIFT_VERSION = 5.0;
			};
			name = Release;
		};
/* End XCBuildConfiguration section */

/* Begin XCConfigurationList section */
		ECCAC3D1297819A6007AABC6 /* Build configuration list for PBXProject "ConsoleApp" */ = {
			isa = XCConfigurationList;
			buildConfigurations = (
				ECCAC3DB297819A6007AABC6 /* Debug */,
				ECCAC3DC297819A6007AABC6 /* Release */,
			);
			defaultConfigurationIsVisible = 0;
			defaultConfigurationName = Release;
		};
		ECCAC3DD297819A6007AABC6 /* Build configuration list for PBXNativeTarget "ConsoleApp" */ = {
			isa = XCConfigurationList;
			buildConfigurations = (
				ECCAC3DE297819A6007AABC6 /* Debug */,
				ECCAC3DF297819A6007AABC6 /* Release */,
			);
			defaultConfigurationIsVisible = 0;
			defaultConfigurationName = Release;
		};
/* End XCConfigurationList section */

/* Begin XCSwiftPackageProductDependency section */
		ECAE79642979433A00CD2206 /* Model */ = {
			isa = XCSwiftPackageProductDependency;
			productName = Model;
		};
/* End XCSwiftPackageProductDependency section */
	};
	rootObject = ECCAC3CE297819A6007AABC6 /* Project object */;
}
